{
  "nodes": {
    "caelestia-cli": {
      "inputs": {
        "caelestia-shell": [
          "caelestia-shell"
        ],
        "nixpkgs": [
          "caelestia-shell",
          "nixpkgs"
        ]
      },
      "locked": {
        "lastModified": 1779508871,
        "narHash": "sha256-SFl2je8b423f/tIy0RTgCrWQUJiyFsAZp1Y0cccXqio=",
        "owner": "caelestia-dots",
        "repo": "cli",
        "rev": "7f300626704b7a86fe838ab58df654fa99779613",
        "type": "github"
      },
      "original": {
        "owner": "caelestia-dots",
        "repo": "cli",
        "type": "github"
      }
    },
    "caelestia-shell": {
      "inputs": {
        "caelestia-cli": "caelestia-cli",
        "nixpkgs": [
          "nixpkgs-unstable"
        ],
        "quickshell": "quickshell"
      },
      "locked": {
        "lastModified": 1779591587,
        "narHash": "sha256-Ud83/zsmDSHcqQ64MRiQ7SnGkUVIpRzqwqBBU65DGXY=",
        "owner": "caelestia-dots",
        "repo": "shell",
        "rev": "2f7ab5e4140d9188185f6c3164e428c1eeda1fe6",
        "type": "github"
      },
      "original": {
        "owner": "caelestia-dots",
        "repo": "shell",
        "type": "github"
      }
    },
    "cp-library": {
      "flake": false,
      "locked": {
        "lastModified": 1737483306,
        "narHash": "sha256-F6zviiKoMKLEooIsyuLMW1y8sQ3RvXi7frQz3T4xgr8=",
        "owner": "scanhex",
        "repo": "cp-library",
        "rev": "6d482827ed937b03197b4c286d48d3ee23bee7d6",
        "type": "github"
      },
      "original": {
        "owner": "scanhex",
        "repo": "cp-library",
        "type": "github"
      }
    },
    "darwin": {
      "inputs": {
        "nixpkgs": [
          "nixpkgs"
        ]
      },
      "locked": {
        "lastModified": 1779036909,
        "narHash": "sha256-zXcwYQGCT6pzinK+1dBB2ekTVtfxGZAapb3Evdcu4fY=",
        "owner": "lnl7",
        "repo": "nix-darwin",
        "rev": "56c666e108467d87d13508936aade6d567f2a501",
        "type": "github"
      },
      "original": {
        "owner": "lnl7",
        "ref": "nix-darwin-26.05",
        "repo": "nix-darwin",
        "type": "github"
      }
    },
    "flake-compat": {
      "flake": false,
      "locked": {
        "lastModified": 1767039857,
        "narHash": "sha256-vNpUSpF5Nuw8xvDLj2KCwwksIbjua2LZCqhV1LNRDns=",
        "owner": "edolstra",
        "repo": "flake-compat",
        "rev": "5edf11c44bc78a0d334f6334cdaf7d60d732daab",
        "type": "github"
      },
      "original": {
        "owner": "edolstra",
        "repo": "flake-compat",
        "type": "github"
      }
    },
    "flake-parts": {
      "inputs": {
        "nixpkgs-lib": [
          "nixpkgs"
        ]
      },
      "locked": {
        "lastModified": 1769996383,
        "narHash": "sha256-AnYjnFWgS49RlqX7LrC4uA+sCCDBj0Ry/WOJ5XWAsa0=",
        "owner": "hercules-ci",
        "repo": "flake-parts",
        "rev": "57928607ea566b5db3ad13af0e57e921e6b12381",
        "type": "github"
      },
      "original": {
        "owner": "hercules-ci",
        "repo": "flake-parts",
        "type": "github"
      }
    },
    "flake-parts_2": {
      "inputs": {
        "nixpkgs-lib": [
          "scanhex-neovim",
          "neovim-nightly-overlay",
          "nixpkgs"
        ]
      },
      "locked": {
        "lastModified": 1769996383,
        "narHash": "sha256-AnYjnFWgS49RlqX7LrC4uA+sCCDBj0Ry/WOJ5XWAsa0=",
        "owner": "hercules-ci",
        "repo": "flake-parts",
        "rev": "57928607ea566b5db3ad13af0e57e921e6b12381",
        "type": "github"
      },
      "original": {
        "owner": "hercules-ci",
        "repo": "flake-parts",
        "type": "github"
      }
    },
    "home-manager": {
      "inputs": {
        "nixpkgs": [
          "nixpkgs"
        ]
      },
      "locked": {
        "lastModified": 1779726825,
        "narHash": "sha256-RUkMrREjKDQrA+dA9+xZviGAxM5W1aVdyOr/bSYpHrE=",
        "owner": "nix-community",
        "repo": "home-manager",
        "rev": "b179bde238977f7d4454fc770b1a727eaf55111c",
        "type": "github"
      },
      "original": {
        "owner": "nix-community",
        "ref": "release-26.05",
        "repo": "home-manager",
        "type": "github"
      }
    },
    "neovim-nightly-overlay": {
      "inputs": {
        "flake-parts": "flake-parts_2",
        "neovim-src": "neovim-src",
        "nixpkgs": "nixpkgs_2"
      },
      "locked": {
        "lastModified": 1770163968,
        "narHash": "sha256-Ggh7hAS0tAOcPF66rrho9WAFZQZE0+SZYs+dnLgidpw=",
        "owner": "nix-community",
        "repo": "neovim-nightly-overlay",
        "rev": "4ae5c0c99f5e7fe02f0df0220a7d09b1945df646",
        "type": "github"
      },
      "original": {
        "owner": "nix-community",
        "repo": "neovim-nightly-overlay",
        "type": "github"
      }
    },
    "neovim-src": {
      "flake": false,
      "locked": {
        "lastModified": 1770163048,
        "narHash": "sha256-MEaHWrzF6PqjyQH8+m84dhVr8R4lDYc3V+XW194O4no=",
        "owner": "neovim",
        "repo": "neovim",
        "rev": "ddd1bf757fab3615301053acab5cc85508340844",
        "type": "github"
      },
      "original": {
        "owner": "neovim",
        "repo": "neovim",
        "type": "github"
      }
    },
    "nixos-wsl": {
      "inputs": {
        "flake-compat": "flake-compat",
        "nixpkgs": [
          "nixpkgs"
        ]
      },
      "locked": {
        "lastModified": 1769217863,
        "narHash": "sha256-RY9kJDXD6+2Td/59LkZ0PFSereCXHdBX9wIkbYjRKCY=",
        "owner": "nix-community",
        "repo": "NixOS-WSL",
        "rev": "38a5250e57f583662eac3b944830e4b9e169e965",
        "type": "github"
      },
      "original": {
        "owner": "nix-community",
        "repo": "NixOS-WSL",
        "type": "github"
      }
    },
    "nixpkgs": {
      "locked": {
        "lastModified": 1779622335,
        "narHash": "sha256-ViA62qtL5za7V3d5I8OA9q9JcFhsVAiL5jVHwEclWqk=",
        "owner": "NixOS",
        "repo": "nixpkgs",
        "rev": "705e9929918b43bd7b715dc0a878ac870449bb03",
        "type": "github"
      },
      "original": {
        "owner": "NixOS",
        "ref": "nixos-26.05",
        "repo": "nixpkgs",
        "type": "github"
      }
    },
    "nixpkgs-unstable": {
      "locked": {
        "lastModified": 1779622335,
        "narHash": "sha256-ViA62qtL5za7V3d5I8OA9q9JcFhsVAiL5jVHwEclWqk=",
        "owner": "NixOS",
        "repo": "nixpkgs",
        "rev": "705e9929918b43bd7b715dc0a878ac870449bb03",
        "type": "github"
      },
      "original": {
        "owner": "NixOS",
        "ref": "nixos-unstable",
        "repo": "nixpkgs",
        "type": "github"
      }
    },
    "nixpkgs_2": {
      "locked": {
        "lastModified": 1770141374,
        "narHash": "sha256-yD4K/vRHPwXbJf5CK3JkptBA6nFWUKNX/jlFp2eKEQc=",
        "owner": "NixOS",
        "repo": "nixpkgs",
        "rev": "41965737c1797c1d83cfb0b644ed0840a6220bd1",
        "type": "github"
      },
      "original": {
        "owner": "NixOS",
        "ref": "nixpkgs-unstable",
        "repo": "nixpkgs",
        "type": "github"
      }
    },
    "quickshell": {
      "inputs": {
        "nixpkgs": [
          "caelestia-shell",
          "nixpkgs"
        ]
      },
      "locked": {
        "lastModified": 1779430452,
        "narHash": "sha256-zTslhsxLqUlRTML506iougTGzyR38Fzhzn7t4KDEuuE=",
        "ref": "refs/heads/master",
        "rev": "4b4fca3224ab977dc515ac0bb78d00b3dfa71e00",
        "revCount": 819,
        "type": "git",
        "url": "https://git.outfoxxed.me/outfoxxed/quickshell"
      },
      "original": {
        "type": "git",
        "url": "https://git.outfoxxed.me/outfoxxed/quickshell"
      }
    },
    "root": {
      "inputs": {
        "caelestia-shell": "caelestia-shell",
        "darwin": "darwin",
        "flake-parts": "flake-parts",
        "home-manager": "home-manager",
        "nixos-wsl": "nixos-wsl",
        "nixpkgs": "nixpkgs",
        "nixpkgs-unstable": "nixpkgs-unstable",
        "scanhex-neovim": "scanhex-neovim"
      }
    },
    "scanhex-neovim": {
      "inputs": {
        "cp-library": "cp-library",
        "neovim-nightly-overlay": "neovim-nightly-overlay",
        "nixpkgs": [
          "nixpkgs"
        ],
        "nixpkgs-unstable": [
          "nixpkgs-unstable"
        ]
      },
      "locked": {
        "path": "./common/neovim",
        "type": "path"
      },
      "original": {
        "path": "./common/neovim",
        "type": "path"
      },
      "parent": []
    }
  },
  "root": "root",
  "version": 7
}
